{
  "name": "basic-api-lib",
  "version": "1.0.0",
  "lockfileVersion": 2,
  "requires": true,
  "packages": {
    "": {
      "name": "basic-api-lib",
      "version": "1.0.0",
      "license": "ISC",
      "dependencies": {
        "effector": "^22.3.0"
      }
    },
    "node_modules/effector": {
      "version": "22.3.0",
      "resolved": "https://registry.npmjs.org/effector/-/effector-22.3.0.tgz",
      "integrity": "sha512-Nh7IXn8U4emq8YtAZf2+y2Rs6n4W/gjPaNZpZLFOXOIAsRZSNBFjtK1vHTWNKxxmNFZOaZN6XUXdT8FDs0mAdQ==",
      "funding": [
        {
          "type": "patreon",
          "url": "https://www.patreon.com/zero_bias"
        },
        {
          "type": "opencollective",
          "url": "https://opencollective.com/effector"
        }
      ],
      "engines": {
        "node": ">=11.0.0"
      }
    }
  },
  "dependencies": {
    "effector": {
      "version": "22.3.0",
      "resolved": "https://registry.npmjs.org/effector/-/effector-22.3.0.tgz",
      "integrity": "sha512-Nh7IXn8U4emq8YtAZf2+y2Rs6n4W/gjPaNZpZLFOXOIAsRZSNBFjtK1vHTWNKxxmNFZOaZN6XUXdT8FDs0mAdQ=="
    }
  }
}
